
Microsoft Visual Studio Solution File, Format Version 12.00
# Visual Studio 15
Project("{FAE04EC0-301F-11D3-BF4B-00C04F79EFBC}") = "Elringus.Naninovel.Runtime", "Elringus.Naninovel.Runtime.csproj", "{67691169-506F-5192-3010-C729D9614DF1}"
EndProject
Project("{FAE04EC0-301F-11D3-BF4B-00C04F79EFBC}") = "UniRx.Async", "UniRx.Async.csproj", "{6FB85015-F47E-556E-56C4-ACDFC99FBF44}"
EndProject
Project("{FAE04EC0-301F-11D3-BF4B-00C04F79EFBC}") = "Elringus.Naninovel.Editor", "Elringus.Naninovel.Editor.csproj", "{A5B6756E-FE12-0DD0-407A-0B400E5ED92F}"
EndProject
Project("{FAE04EC0-301F-11D3-BF4B-00C04F79EFBC}") = "UniRx.Async.Editor", "UniRx.Async.Editor.csproj", "{2BD59960-1364-DFA6-C968-56961A1E8A47}"
EndProject
Global
	GlobalSection(SolutionConfigurationPlatforms) = preSolution
		Debug|Any CPU = Debug|Any CPU
		Release|Any CPU = Release|Any CPU
	EndGlobalSection
	GlobalSection(ProjectConfigurationPlatforms) = postSolution
		{67691169-506F-5192-3010-C729D9614DF1}.Debug|Any CPU.ActiveCfg = Debug|Any CPU
		{67691169-506F-5192-3010-C729D9614DF1}.Debug|Any CPU.Build.0 = Debug|Any CPU
		{67691169-506F-5192-3010-C729D9614DF1}.Release|Any CPU.ActiveCfg = Release|Any CPU
		{67691169-506F-5192-3010-C729D9614DF1}.Release|Any CPU.Build.0 = Release|Any CPU
		{6FB85015-F47E-556E-56C4-ACDFC99FBF44}.Debug|Any CPU.ActiveCfg = Debug|Any CPU
		{6FB85015-F47E-556E-56C4-ACDFC99FBF44}.Debug|Any CPU.Build.0 = Debug|Any CPU
		{6FB85015-F47E-556E-56C4-ACDFC99FBF44}.Release|Any CPU.ActiveCfg = Release|Any CPU
		{6FB85015-F47E-556E-56C4-ACDFC99FBF44}.Release|Any CPU.Build.0 = Release|Any CPU
		{A5B6756E-FE12-0DD0-407A-0B400E5ED92F}.Debug|Any CPU.ActiveCfg = Debug|Any CPU
		{A5B6756E-FE12-0DD0-407A-0B400E5ED92F}.Debug|Any CPU.Build.0 = Debug|Any CPU
		{A5B6756E-FE12-0DD0-407A-0B400E5ED92F}.Release|Any CPU.ActiveCfg = Release|Any CPU
		{A5B6756E-FE12-0DD0-407A-0B400E5ED92F}.Release|Any CPU.Build.0 = Release|Any CPU
		{2BD59960-1364-DFA6-C968-56961A1E8A47}.Debug|Any CPU.ActiveCfg = Debug|Any CPU
		{2BD59960-1364-DFA6-C968-56961A1E8A47}.Debug|Any CPU.Build.0 = Debug|Any CPU
		{2BD59960-1364-DFA6-C968-56961A1E8A47}.Release|Any CPU.ActiveCfg = Release|Any CPU
		{2BD59960-1364-DFA6-C968-56961A1E8A47}.Release|Any CPU.Build.0 = Release|Any CPU
	EndGlobalSection
	GlobalSection(SolutionProperties) = preSolution
		HideSolutionNode = FALSE
	EndGlobalSection
EndGlobal
